
Microsoft Visual Studio Solution File, Format Version 12.00
# Visual Studio 14
VisualStudioVersion = 14.0.25420.1
MinimumVisualStudioVersion = 10.0.40219.1
Project("{FAE04EC0-301F-11D3-BF4B-00C04F79EFBC}") = "DAL", "DAL\DAL.csproj", "{DC7D8469-E72E-46B6-9D12-F5102EFD49B1}"
EndProject
Project("{2150E333-8FDC-42A3-9474-1A3956D46DE8}") = "Tests", "Tests", "{C6D43C3E-DEE1-4842-9B97-37A3ADB0E030}"
EndProject
Project("{FAE04EC0-301F-11D3-BF4B-00C04F79EFBC}") = "BLUnitTests", "BLUnitTests\BLUnitTests.csproj", "{6D1E497F-9091-421A-B79E-AA49896AED32}"
EndProject
Project("{FAE04EC0-301F-11D3-BF4B-00C04F79EFBC}") = "PLUnitTests", "PLUnitTests\PLUnitTests.csproj", "{0E5F048A-C520-4E66-B455-6129CBCEB589}"
EndProject
Project("{FAE04EC0-301F-11D3-BF4B-00C04F79EFBC}") = "BL", "BL\BL.csproj", "{AA56A845-D942-49F1-830A-FDDD40C8DF66}"
EndProject
Global
	GlobalSection(SolutionConfigurationPlatforms) = preSolution
		Debug|Any CPU = Debug|Any CPU
		Release|Any CPU = Release|Any CPU
	EndGlobalSection
	GlobalSection(ProjectConfigurationPlatforms) = postSolution
		{DC7D8469-E72E-46B6-9D12-F5102EFD49B1}.Debug|Any CPU.ActiveCfg = Debug|Any CPU
		{DC7D8469-E72E-46B6-9D12-F5102EFD49B1}.Debug|Any CPU.Build.0 = Debug|Any CPU
		{DC7D8469-E72E-46B6-9D12-F5102EFD49B1}.Release|Any CPU.ActiveCfg = Release|Any CPU
		{DC7D8469-E72E-46B6-9D12-F5102EFD49B1}.Release|Any CPU.Build.0 = Release|Any CPU
		{6D1E497F-9091-421A-B79E-AA49896AED32}.Debug|Any CPU.ActiveCfg = Debug|Any CPU
		{6D1E497F-9091-421A-B79E-AA49896AED32}.Debug|Any CPU.Build.0 = Debug|Any CPU
		{6D1E497F-9091-421A-B79E-AA49896AED32}.Release|Any CPU.ActiveCfg = Release|Any CPU
		{6D1E497F-9091-421A-B79E-AA49896AED32}.Release|Any CPU.Build.0 = Release|Any CPU
		{0E5F048A-C520-4E66-B455-6129CBCEB589}.Debug|Any CPU.ActiveCfg = Debug|Any CPU
		{0E5F048A-C520-4E66-B455-6129CBCEB589}.Debug|Any CPU.Build.0 = Debug|Any CPU
		{0E5F048A-C520-4E66-B455-6129CBCEB589}.Release|Any CPU.ActiveCfg = Release|Any CPU
		{0E5F048A-C520-4E66-B455-6129CBCEB589}.Release|Any CPU.Build.0 = Release|Any CPU
		{AA56A845-D942-49F1-830A-FDDD40C8DF66}.Debug|Any CPU.ActiveCfg = Debug|Any CPU
		{AA56A845-D942-49F1-830A-FDDD40C8DF66}.Debug|Any CPU.Build.0 = Debug|Any CPU
		{AA56A845-D942-49F1-830A-FDDD40C8DF66}.Release|Any CPU.ActiveCfg = Release|Any CPU
		{AA56A845-D942-49F1-830A-FDDD40C8DF66}.Release|Any CPU.Build.0 = Release|Any CPU
	EndGlobalSection
	GlobalSection(SolutionProperties) = preSolution
		HideSolutionNode = FALSE
	EndGlobalSection
	GlobalSection(NestedProjects) = preSolution
		{6D1E497F-9091-421A-B79E-AA49896AED32} = {C6D43C3E-DEE1-4842-9B97-37A3ADB0E030}
		{0E5F048A-C520-4E66-B455-6129CBCEB589} = {C6D43C3E-DEE1-4842-9B97-37A3ADB0E030}
	EndGlobalSection
EndGlobal
